lockfileVersion: '9.0'

settings:
  autoInstallPeers: true
  excludeLinksFromLockfile: false

importers:

  .:
    dependencies:
      '@deepseek-ai/cordis':
        specifier: ^4.0.1
        version: 4.0.1
      '@deepseek-ai/dsh-credentials':
        specifier: ^0.1.0-rc.6
        version: 0.1.0-rc.6(@deepseek-ai/cordis@4.0.1)(@deepseek-ai/dsh-brand@0.1.0-rc.6(@deepseek-ai/cordis@4.0.1)(@deepseek-ai/dsh-invariants@0.1.0-rc.6(@deepseek-ai/cordis@4.0.1)))(@deepseek-ai/dsh-invariants@0.1.0-rc.6(@deepseek-ai/cordis@4.0.1))
      '@deepseek-ai/dsh-settings':
        specifier: ^0.1.0-rc.6
        version: 0.1.0-rc.6(@deepseek-ai/cordis@4.0.1)(@deepseek-ai/dsh-brand@0.1.0-rc.6(@deepseek-ai/cordis@4.0.1)(@deepseek-ai/dsh-invariants@0.1.0-rc.6(@deepseek-ai/cordis@4.0.1)))(@deepseek-ai/dsh-invariants@0.1.0-rc.6(@deepseek-ai/cordis@4.0.1))(@deepseek-ai/schemastery@3.18.1)
      '@deepseek-ai/dsh-tools':
        specifier: ^0.1.0-rc.6
        version: 0.1.0-rc.6(b6nzleejznykjypjubilix76n4)
      '@deepseek-ai/schemastery':
        specifier: ^3.18.1
        version: 3.18.1
      dsh-browser:
        specifier: ^0.1.0
        version: 0.1.0(@deepseek-ai/cordis@4.0.1)
      js-yaml:
        specifier: ^4.1.0
        version: 4.3.1
      jsdom:
        specifier: ^30.0.0
        version: 30.0.1
    devDependencies:
      '@deepseek-ai/dsh-system-prompt':
        specifier: ^0.1.0-rc.6
        version: 0.1.0-rc.6(@deepseek-ai/cordis@4.0.1)(@deepseek-ai/dsh-invariants@0.1.0-rc.6(@deepseek-ai/cordis@4.0.1))(@deepseek-ai/dsh-llm@0.1.0-rc.6(@deepseek-ai/cordis@4.0.1)(@deepseek-ai/dsh-attachment@0.1.0-rc.6(@deepseek-ai/cordis@4.0.1)(@deepseek-ai/dsh-brand@0.1.0-rc.6(@deepseek-ai/cordis@4.0.1)(@deepseek-ai/dsh-invariants@0.1.0-rc.6(@deepseek-ai/cordis@4.0.1)))(@deepseek-ai/dsh-invariants@0.1.0-rc.6(@deepseek-ai/cordis@4.0.1)))(@deepseek-ai/dsh-brand@0.1.0-rc.6(@deepseek-ai/cordis@4.0.1)(@deepseek-ai/dsh-invariants@0.1.0-rc.6(@deepseek-ai/cordis@4.0.1)))(@deepseek-ai/dsh-invariants@0.1.0-rc.6(@deepseek-ai/cordis@4.0.1))(@deepseek-ai/dsh-timeout@0.1.0-rc.6(@deepseek-ai/cordis@4.0.1)(@deepseek-ai/dsh-invariants@0.1.0-rc.6(@deepseek-ai/cordis@4.0.1))))(@deepseek-ai/dsh-scope@0.1.0-rc.6(@deepseek-ai/cordis@4.0.1)(@deepseek-ai/dsh-invariants@0.1.0-rc.6(@deepseek-ai/cordis@4.0.1)))
      '@deepseek-ai/dsh-web':
        specifier: ^0.1.0-rc.6
        version: 0.1.0-rc.6(@deepseek-ai/cordis@4.0.1)(@deepseek-ai/dsh-invariants@0.1.0-rc.6(@deepseek-ai/cordis@4.0.1))(@deepseek-ai/dsh-llm@0.1.0-rc.6(@deepseek-ai/cordis@4.0.1)(@deepseek-ai/dsh-attachment@0.1.0-rc.6(@deepseek-ai/cordis@4.0.1)(@deepseek-ai/dsh-brand@0.1.0-rc.6(@deepseek-ai/cordis@4.0.1)(@deepseek-ai/dsh-invariants@0.1.0-rc.6(@deepseek-ai/cordis@4.0.1)))(@deepseek-ai/dsh-invariants@0.1.0-rc.6(@deepseek-ai/cordis@4.0.1)))(@deepseek-ai/dsh-brand@0.1.0-rc.6(@deepseek-ai/cordis@4.0.1)(@deepseek-ai/dsh-invariants@0.1.0-rc.6(@deepseek-ai/cordis@4.0.1)))(@deepseek-ai/dsh-invariants@0.1.0-rc.6(@deepseek-ai/cordis@4.0.1))(@deepseek-ai/dsh-timeout@0.1.0-rc.6(@deepseek-ai/cordis@4.0.1)(@deepseek-ai/dsh-invariants@0.1.0-rc.6(@deepseek-ai/cordis@4.0.1))))
      '@types/js-yaml':
        specifier: ^4.0.9
        version: 4.0.9
      '@types/node':
        specifier: ^22.0.0
        version: 22.20.1
      typescript:
        specifier: ^5.6.0
        version: 5.9.3

packages:

  '@asamuzakjp/css-color@6.0.7':
    resolution: {integrity: sha512-vC/bk1Lz7Tn/EfU9/apOTBk80/8dyGyWMowPoV1tJ52muDGsDqt2HPT2klrFUiY60MQmQv9q8yIht15JnBgDGw==}
    engines: {node: ^22.13.0 || >=24.0.0}

  '@asamuzakjp/dom-selector@8.3.2':
    resolution: {integrity: sha512-93Z1N+BQNXysodoicpOIyNh2drHfz/CTf9nnT0FEx72GJcIiwgydD7tGAr78j41LsYn3hlRn+LdGPuBLn1Bl8Q==}
    engines: {node: ^22.13.0 || >=24.0.0}

  '@bramus/specificity@2.4.2':
    resolution: {integrity: sha512-ctxtJ/eA+t+6q2++vj5j7FYX3nRu311q1wfYH3xjlLOsczhlhxAg2FWNUXhpGvAw3BWo1xBcvOV6/YLc2r5FJw==}
    hasBin: true

  '@csstools/color-helpers@6.1.0':
    resolution: {integrity: sha512-064IFJdjTfUqnjpCVpMOdbr8FLQBhinbZj6yRv2An2E41O/pLEXqfFRWqGq/SxlE5PEUYTlvWsG2r8MswAVvkg==}
    engines: {node: '>=20.19.0'}

  '@csstools/css-calc@3.3.0':
    resolution: {integrity: sha512-c5ihYsPkdG6JCkU2zTMm4+k6r7RXuGxtWYhu5DHMIiF1FHzrfmHL5so11AoFpUv/tu61xfcmT4AmKoFfMPoqdQ==}
    engines: {node: '>=20.19.0'}
    peerDependencies:
      '@csstools/css-parser-algorithms': ^4.0.0
      '@csstools/css-tokenizer': ^4.0.0

  '@csstools/css-color-parser@4.1.10':
    resolution: {integrity: sha512-UZhQLIUyJaaMepqehrCODwCg2KW25vFvLWBmqYFaPclYvvxzj/sG8LBOhBFCp11i9uE7t1EyS+RAoV9tztPFyw==}
    engines: {node: '>=20.19.0'}
    peerDependencies:
      '@csstools/css-parser-algorithms': ^4.0.0
      '@csstools/css-tokenizer': ^4.0.0

  '@csstools/css-parser-algorithms@4.0.0':
    resolution: {integrity: sha512-+B87qS7fIG3L5h3qwJ/IFbjoVoOe/bpOdh9hAjXbvx0o8ImEmUsGXN0inFOnk2ChCFgqkkGFQ+TpM5rbhkKe4w==}
    engines: {node: '>=20.19.0'}
    peerDependencies:
      '@csstools/css-tokenizer': ^4.0.0

  '@csstools/css-syntax-patches-for-csstree@1.1.7':
    resolution: {integrity: sha512-fQ+05118eQS1cofO3aJpB5efgpBZMvIzwr/sbC8kDLVA5XLG8q1kJV5yzrUAI1f7lvhPnm8fgIjzFB8/O/5Dig==}
    peerDependencies:
      css-tree: ^3.2.1
    peerDependenciesMeta:
      css-tree:
        optional: true

  '@csstools/css-tokenizer@4.0.0':
    resolution: {integrity: sha512-QxULHAm7cNu72w97JUNCBFODFaXpbDg+dP8b/oWFAZ2MTRppA3U00Y2L1HqaS4J6yBqxwa/Y3nMBaxVKbB/NsA==}
    engines: {node: '>=20.19.0'}

  '@deepseek-ai/cordis@4.0.1':
    resolution: {integrity: sha512-YBdskTU2Po1kru3GgcUWUbkTsPMA9LkSQDAY8rBkFJeajdgcQad3QPJZE26JyK99Xb6HaASvoXg2DSUTeN/0Nw==}
    hasBin: true
    peerDependencies:
      '@deepseek-ai/cordis-plugin-include': ^1.0.6
      '@deepseek-ai/cordis-plugin-loader': ^1.0.2
    peerDependenciesMeta:
      '@deepseek-ai/cordis-plugin-include':
        optional: true
      '@deepseek-ai/cordis-plugin-loader':
        optional: true

  '@deepseek-ai/cosmokit@1.8.2':
    resolution: {integrity: sha512-muBOKtSrUKU5m/xpq8ZXWL6hQ/jgd4PhU2PqH97bcxIiLEJfNwZOGQEx4t/aS/GgxRAR+ra9pMHPMtTHU4sqqA==}

  '@deepseek-ai/dsh-agent@0.1.0-rc.6':
    resolution: {integrity: sha512-vtqq2pWTrzn0dKfj5kREZRpP82AwtGjGx9V1lYnKvF+Uc/a8zyWbSvjDE7V1d3YQAQJzs2cWO31hURWDekDXIA==}
    peerDependencies:
      '@deepseek-ai/cordis': ^4.0.1
      '@deepseek-ai/dsh-invariants': ^0.1.0-rc.6
      '@deepseek-ai/dsh-llm': ^0.1.0-rc.6
      '@deepseek-ai/dsh-scope': ^0.1.0-rc.6
      '@deepseek-ai/dsh-session': ^0.1.0-rc.6
      '@deepseek-ai/dsh-system-prompt': ^0.1.0-rc.6
      '@deepseek-ai/dsh-typert-protocol': ^0.1.0-rc.6

  '@deepseek-ai/dsh-attachment@0.1.0-rc.6':
    resolution: {integrity: sha512-3P6N17NQ8jqSQGzeCs+svCIqArU8oq0YmgEAo+axN9aVuUDferWU4DLRSX59UGpmyldX4LQn81toA+c+DqMcHg==}
    peerDependencies:
      '@deepseek-ai/cordis': ^4.0.1
      '@deepseek-ai/dsh-brand': ^0.1.0-rc.6
      '@deepseek-ai/dsh-invariants': ^0.1.0-rc.6

  '@deepseek-ai/dsh-brand@0.1.0-rc.6':
    resolution: {integrity: sha512-E8j9Nby24qP4rfrdcfc7bpt1CHpGT3tYmycOJJkEOH4ptIdT1m2ro9nmnSd5CWYukTr64A77vjm2WGqHRI92UA==}
    peerDependencies:
      '@deepseek-ai/cordis': ^4.0.1
      '@deepseek-ai/dsh-invariants': ^0.1.0-rc.6

  '@deepseek-ai/dsh-code-runtime@0.1.0-rc.6':
    resolution: {integrity: sha512-aw8D4IOeMo11A3uxQeE4LFoW3bvaQnVkGFqqtS+lsINDARrOCJHXLUgecoKpys+Lc5erZZ4UQDnymJmL4OCcKA==}
    peerDependencies:
      '@deepseek-ai/cordis': ^4.0.1
      '@deepseek-ai/dsh-invariants': ^0.1.0-rc.6

  '@deepseek-ai/dsh-credentials@0.1.0-rc.6':
    resolution: {integrity: sha512-zyYRs3A9gxfZjZfONzJdMhM0Gzbslpha+FGYkLDRAozgPj0N7mZdE+Qflx2V4WNrCnsSjuvOW0HFBxWtSRUTUw==}
    peerDependencies:
      '@deepseek-ai/cordis': ^4.0.1
      '@deepseek-ai/dsh-brand': ^0.1.0-rc.6
      '@deepseek-ai/dsh-invariants': ^0.1.0-rc.6

  '@deepseek-ai/dsh-invariants@0.1.0-rc.6':
    resolution: {integrity: sha512-WfEfOi99a4cpOugRAHTBSTnesLieu3ist1q9PXDXFBHX++K1rAl9+sB7YrdnbB8LH0UOY532gS9xJUYU6w0SLw==}
    peerDependencies:
      '@deepseek-ai/cordis': ^4.0.1

  '@deepseek-ai/dsh-llm@0.1.0-rc.6':
    resolution: {integrity: sha512-kuFGC8bHlzGTwlRxQhXjf3CYWl8M4NzH+EYIkrW8rri4iMc9W53xrdvkil5No/DUlMm8g1u7GdeiWYFy0TMvtA==}
    peerDependencies:
      '@deepseek-ai/cordis': ^4.0.1
      '@deepseek-ai/dsh-attachment': ^0.1.0-rc.6
      '@deepseek-ai/dsh-brand': ^0.1.0-rc.6
      '@deepseek-ai/dsh-invariants': ^0.1.0-rc.6
      '@deepseek-ai/dsh-timeout': ^0.1.0-rc.6

  '@deepseek-ai/dsh-scope@0.1.0-rc.6':
    resolution: {integrity: sha512-UlDLV4syLoJinNg9imhXrSAHrdaTa5Ff8gg46rzjFJGPUOhAk3DZff0hryT5OhrBi0A5Tj92qVpg2pRVvxnUzQ==}
    peerDependencies:
      '@deepseek-ai/cordis': ^4.0.1
      '@deepseek-ai/dsh-invariants': ^0.1.0-rc.6

  '@deepseek-ai/dsh-session@0.1.0-rc.6':
    resolution: {integrity: sha512-8tu8I6VWC7050GAUXWhcEWQw4pakALQc8TlhKr52m7Y4+kIKeNt3FBgP86PaGPBtpK0p5zUPRQNkFpzZbBdxyw==}
    peerDependencies:
      '@deepseek-ai/cordis': ^4.0.1
      '@deepseek-ai/dsh-brand': ^0.1.0-rc.6
      '@deepseek-ai/dsh-invariants': ^0.1.0-rc.6
      '@deepseek-ai/dsh-llm': ^0.1.0-rc.6
      '@deepseek-ai/dsh-scope': ^0.1.0-rc.6
      '@deepseek-ai/dsh-typert-protocol': ^0.1.0-rc.6

  '@deepseek-ai/dsh-settings@0.1.0-rc.6':
    resolution: {integrity: sha512-5ZlH2FNRU0kkdcCoEJohvdb2fiNnxM+iZqN3icbR3WQbMm8RPRrXlZlps5YUaQKPRbNRHA2LkOXW998QRlhHcA==}
    peerDependencies:
      '@deepseek-ai/cordis': ^4.0.1
      '@deepseek-ai/dsh-brand': ^0.1.0-rc.6
      '@deepseek-ai/dsh-invariants': ^0.1.0-rc.6
      '@deepseek-ai/schemastery': ^3.18.1

  '@deepseek-ai/dsh-system-prompt@0.1.0-rc.6':
    resolution: {integrity: sha512-E7g+XChh4q4/wX++v56z1pV4SA1Rtz42xkznLPPi9FlXrrzJxwHMOUzBZ9Rz3Y1kLhQ++HJG3ZatmNx3rjFilg==}
    peerDependencies:
      '@deepseek-ai/cordis': ^4.0.1
      '@deepseek-ai/dsh-invariants': ^0.1.0-rc.6
      '@deepseek-ai/dsh-llm': ^0.1.0-rc.6
      '@deepseek-ai/dsh-scope': ^0.1.0-rc.6

  '@deepseek-ai/dsh-timeout@0.1.0-rc.6':
    resolution: {integrity: sha512-CUean0fAnfsJVszFEip7PsU/S26W+JfDFfsza2dCtlw8n6xlkbHA9Gjxdk2aTwqDGCgXEPkRW7mYkdJ0n6FR7w==}
    peerDependencies:
      '@deepseek-ai/cordis': ^4.0.1
      '@deepseek-ai/dsh-invariants': ^0.1.0-rc.6

  '@deepseek-ai/dsh-tools@0.1.0-rc.6':
    resolution: {integrity: sha512-Tu08EPK3JyK0iNjH4FGzu/1uADynNSS6SmwOLdfytUN0YNqwNuKFSt2OJUg19famNlTgy992DcHfDu0T+gLXFg==}
    peerDependencies:
      '@deepseek-ai/cordis': ^4.0.1
      '@deepseek-ai/dsh-agent': ^0.1.0-rc.6
      '@deepseek-ai/dsh-code-runtime': ^0.1.0-rc.6
      '@deepseek-ai/dsh-invariants': ^0.1.0-rc.6
      '@deepseek-ai/dsh-llm': ^0.1.0-rc.6
      '@deepseek-ai/dsh-scope': ^0.1.0-rc.6
      '@deepseek-ai/dsh-session': ^0.1.0-rc.6
      '@deepseek-ai/dsh-system-prompt': ^0.1.0-rc.6
      '@deepseek-ai/dsh-user-approval': ^0.1.0-rc.6

  '@deepseek-ai/dsh-typert-protocol@0.1.0-rc.6':
    resolution: {integrity: sha512-weWzN8r01YCkoDCAM7BsKw2YhRrD4zL8N2SAZu9hovYtXSq8xHXsP4Zh8RLYIlYcuotjyff/6hic+0TJPd14YA==}
    peerDependencies:
      '@deepseek-ai/cordis': ^4.0.1
      '@deepseek-ai/dsh-invariants': ^0.1.0-rc.6

  '@deepseek-ai/dsh-user-approval@0.1.0-rc.6':
    resolution: {integrity: sha512-9rnkSDGOpu2XUeGwbPeTzVUTFWTND1PMPM5L/ZQPptV5yyZlQiNxM2rCC6OdL+ZVerwxEqrRhZIQn/KVtQfKag==}
    peerDependencies:
      '@deepseek-ai/cordis': ^4.0.1
      '@deepseek-ai/dsh-agent': ^0.1.0-rc.6
      '@deepseek-ai/dsh-brand': ^0.1.0-rc.6
      '@deepseek-ai/dsh-invariants': ^0.1.0-rc.6
      '@deepseek-ai/dsh-llm': ^0.1.0-rc.6
      '@deepseek-ai/dsh-scope': ^0.1.0-rc.6
      '@deepseek-ai/dsh-session': ^0.1.0-rc.6
      '@deepseek-ai/dsh-system-prompt': ^0.1.0-rc.6

  '@deepseek-ai/dsh-web@0.1.0-rc.6':
    resolution: {integrity: sha512-ABFbyDgo+DGaCtdRnjYG7Rz2K4dFlPA+xCEIt5MDobK/9CRQNpdZ4YrhHiq0nxwl1oxEM1Zw48ylFt+PwtS9ug==}
    peerDependencies:
      '@deepseek-ai/cordis': ^4.0.1
      '@deepseek-ai/dsh-invariants': ^0.1.0-rc.6
      '@deepseek-ai/dsh-llm': ^0.1.0-rc.6

  '@deepseek-ai/schemastery@3.18.1':
    resolution: {integrity: sha512-Qn0FCSwCQnpnj6SB31I6i2sIKgKWnkbJM8O0EU91Gv2UsYVvtZTl6IA0sCwk2e2MZf5S8w5hpq9QkeVvK9qwxg==}

  '@exodus/bytes@1.15.1':
    resolution: {integrity: sha512-S6mL0yNB/Abt9Ei4tq8gDhcczc4S3+vQ4ra7vxnAf+YHC02srtqxKKZghx2Dq6p0e66THKwR6r8N6P95wEty7Q==}
    engines: {node: ^20.19.0 || ^22.12.0 || >=24.0.0}
    peerDependencies:
      '@noble/hashes': ^1.8.0 || ^2.0.0
    peerDependenciesMeta:
      '@noble/hashes':
        optional: true

  '@standard-schema/spec@1.1.0':
    resolution: {integrity: sha512-l2aFy5jALhniG5HgqrD6jXLi/rUWrKvqN/qJx6yoJsgKhblVd+iqqU4RCXavm/jPityDo5TCvKMnpjKnOriy0w==}

  '@types/js-yaml@4.0.9':
    resolution: {integrity: sha512-k4MGaQl5TGo/iipqb2UDG2UwjXziSWkh0uysQelTlJpX1qGlpUZYm8PnO4DxG1qBomtJUdYJ6qR6xdIah10JLg==}

  '@types/node@22.20.1':
    resolution: {integrity: sha512-EANqOCF9QFyra+4pfxUcX9STKJpCLjMbObVzljIJomAWSnuSIEAvyzEU53GaajbXJEgdh0iEcPL+DGvpUd4k1Q==}

  argparse@2.0.1:
    resolution: {integrity: sha512-8+9WqebbFzpX9OR+Wa6O29asIogeRMzcGtAINdpMHHyAg10f05aSFVBbcEqGf/PXw1EjAZ+q2/bEBg3DvurK3Q==}

  bidi-js@1.0.3:
    resolution: {integrity: sha512-RKshQI1R3YQ+n9YJz2QQ147P66ELpa1FQEg20Dk8oW9t2KgLbpDLLp9aGZ7y8WHSshDknG0bknqGw5/tyCs5tw==}

  css-tree@3.2.1:
    resolution: {integrity: sha512-X7sjQzceUhu1u7Y/ylrRZFU2FS6LRiFVp6rKLPg23y3x3c3DOKAwuXGDp+PAGjh6CSnCjYeAul8pcT8bAl+lSA==}
    engines: {node: ^10 || ^12.20.0 || ^14.13.0 || >=15.0.0}

  data-urls@7.0.0:
    resolution: {integrity: sha512-23XHcCF+coGYevirZceTVD7NdJOqVn+49IHyxgszm+JIiHLoB2TkmPtsYkNWT1pvRSGkc35L6NHs0yHkN2SumA==}
    engines: {node: ^20.19.0 || ^22.12.0 || >=24.0.0}

  decimal.js@10.6.0:
    resolution: {integrity: sha512-YpgQiITW3JXGntzdUmyUR1V812Hn8T1YVXhCu+wO3OpS4eU9l4YdD3qjyiKdV6mvV29zapkMeD390UVEf2lkUg==}

  dsh-browser@0.1.0:
    resolution: {integrity: sha512-VX85jp5SBczvxDDcCNNtpMO4khiopqPTdPvKBI+riL9pCovG7LIU3xD3eD7wBnEGRPZ2rKXPAKSD1OAKAguC8g==}
    peerDependencies:
      '@deepseek-ai/cordis': ^4.0.1

  entities@8.0.0:
    resolution: {integrity: sha512-zwfzJecQ/Uej6tusMqwAqU/6KL2XaB2VZ2Jg54Je6ahNBGNH6Ek6g3jjNCF0fG9EWQKGZNddNjU5F1ZQn/sBnA==}
    engines: {node: '>=20.19.0'}

  html-encoding-sniffer@6.0.0:
    resolution: {integrity: sha512-CV9TW3Y3f8/wT0BRFc1/KAVQ3TUHiXmaAb6VW9vtiMFf7SLoMd1PdAc4W3KFOFETBJUb90KatHqlsZMWV+R9Gg==}
    engines: {node: ^20.19.0 || ^22.12.0 || >=24.0.0}

  is-potential-custom-element-name@1.0.1:
    resolution: {integrity: sha512-bCYeRA2rVibKZd+s2625gGnGF/t7DSqDs4dP7CrLA1m7jKWz6pps0LpYLJN8Q64HtmPKJ1hrN3nzPNKFEKOUiQ==}

  js-yaml@4.3.1:
    resolution: {integrity: sha512-CY6crGq313MX8GkwvB7tzgp99vjQxY1++5y10/BKN/GUfHqWaOGQMNZkBvqSzsZKWk/ijwHlWzzkLulsGHhjWQ==}
    hasBin: true

  jsdom@30.0.1:
    resolution: {integrity: sha512-52v7mUVUfNQVYYqE1lcdaymWL0njO7lTLUog6ZvW2U5KsbiLk/GnZlVJ+qx0xfNJZ6Gn+KSpPNE52vurbxZwrA==}
    engines: {node: ^22.22.2 || ^24.15.0 || >=26.0.0}
    peerDependencies:
      canvas: ^3.2.3
    peerDependenciesMeta:
      canvas:
        optional: true

  lru-cache@11.5.2:
    resolution: {integrity: sha512-4pfM1Ff0x50o0tQwb5ucw/RzNyD0/YJME6IVcStalZuMWxdt3sR3huStTtxz4PUmvZfRguvDejasvQ2kifR11g==}
    engines: {node: 20 || >=22}

  mdn-data@2.27.1:
    resolution: {integrity: sha512-9Yubnt3e8A0OKwxYSXyhLymGW4sCufcLG6VdiDdUGVkPhpqLxlvP5vl1983gQjJl3tqbrM731mjaZaP68AgosQ==}

  parse5@8.0.1:
    resolution: {integrity: sha512-z1e/HMG90obSGeidlli3hj7cbocou0/wa5HacvI3ASx34PecNjNQeaHNo5WIZpWofN9kgkqV1q5YvXe3F0FoPw==}

  playwright-core@1.62.1:
    resolution: {integrity: sha512-wPYSwEBJY9GHraISXqyqtx0na0LpO3XEX7jNDhntbex7tzUS7kLnZsOlFruFJB4Hi/rhDMjXGqHewDZ68nYZVw==}
    engines: {node: '>=20'}
    hasBin: true

  punycode@2.3.1:
    resolution: {integrity: sha512-vYt7UD1U9Wg6138shLtLOvdAu+8DsC/ilFtEVHcH+wydcSpNE20AfSOduf6MkRFahL5FY7X1oU7nKVZFtfq8Fg==}
    engines: {node: '>=6'}

  require-from-string@2.0.2:
    resolution: {integrity: sha512-Xf0nWe6RseziFMu+Ap9biiUbmplq6S9/p+7w7YXP/JBHhrUDDUhwa+vANyubuqfZWTveU//DYVGsDG7RKL/vEw==}
    engines: {node: '>=0.10.0'}

  saxes@6.0.0:
    resolution: {integrity: sha512-xAg7SOnEhrm5zI3puOOKyy1OMcMlIJZYNJY7xLBwSze0UjhPLnWfj2GF2EpT0jmzaJKIWKHLsaSSajf35bcYnA==}
    engines: {node: '>=v12.22.7'}

  source-map-js@1.2.1:
    resolution: {integrity: sha512-UXWMKhLOwVKb728IUtQPXxfYU+usdybtUrK/8uGE8CQMvrhOpwvzDBwj0QhSL7MQc7vIsISBG8VQ8+IDQxpfQA==}
    engines: {node: '>=0.10.0'}

  symbol-tree@3.2.4:
    resolution: {integrity: sha512-9QNk5KwDF+Bvz+PyObkmSYjI5ksVUYtjW7AU22r2NKcfLJcXp96hkDWU3+XndOsUb+AQ9QhfzfCT2O+CNWT5Tw==}

  tldts-core@7.4.10:
    resolution: {integrity: sha512-KnQjp53ZekKgm/r3l+u8kJGGzYgrWdP8+Mql7a4vijh2WE0IrZWspQj/TpTxDho/YxO+AnOZnIjQcCD+q6iJsw==}

  tldts@7.4.10:
    resolution: {integrity: sha512-GgouD1B+sWwvkaEq8vXC15DjQitxbvs12oIXELpconwm+Tg3zfcEv4jgzq3vtKverDXsg3VI8aRgNL2Nra0Iog==}
    hasBin: true

  tough-cookie@6.0.2:
    resolution: {integrity: sha512-exgYmnmL/sJpR3upZfXG5PoatXQii55xAiXGXzY+sROLZ/Y+SLcp9PgJNI9Vz37HpQ74WvDcLT8eqm+kV3FzrA==}
    engines: {node: '>=16'}

  tr46@6.0.0:
    resolution: {integrity: sha512-bLVMLPtstlZ4iMQHpFHTR7GAGj2jxi8Dg0s2h2MafAE4uSWF98FC/3MomU51iQAMf8/qDUbKWf5GxuvvVcXEhw==}
    engines: {node: '>=20'}

  typescript@5.9.3:
    resolution: {integrity: sha512-jl1vZzPDinLr9eUt3J/t7V6FgNEw9QjvBPdysz9KfQDD41fQrC2Y4vKQdiaUpFT4bXlb1RHhLpp8wtm6M5TgSw==}
    engines: {node: '>=14.17'}
    hasBin: true

  undici-types@6.21.0:
    resolution: {integrity: sha512-iwDZqg0QAGrg9Rav5H4n0M64c3mkR59cJ6wQp+7C4nI0gsmExaedaYLNO44eT4AtBBwjbTiGPMlt2Md0T9H9JQ==}

  undici@8.10.0:
    resolution: {integrity: sha512-HvltHd7avK13QIw/oLe4qoOLyoVSoafqJ2jYOrtMRBkbYT31eiBQ8O0ehRKZiEZCMEyLFQNIADpgCWC5fALvYQ==}
    engines: {node: '>=22.19.0'}

  w3c-xmlserializer@5.0.0:
    resolution: {integrity: sha512-o8qghlI8NZHU1lLPrpi2+Uq7abh4GGPpYANlalzWxyWteJOCsr/P+oPBA49TOLu5FTZO4d3F9MnWJfiMo4BkmA==}
    engines: {node: '>=18'}

  webidl-conversions@8.0.1:
    resolution: {integrity: sha512-BMhLD/Sw+GbJC21C/UgyaZX41nPt8bUTg+jWyDeg7e7YN4xOM05YPSIXceACnXVtqyEw/LMClUQMtMZ+PGGpqQ==}
    engines: {node: '>=20'}

  whatwg-mimetype@5.0.0:
    resolution: {integrity: sha512-sXcNcHOC51uPGF0P/D4NVtrkjSU2fNsm9iog4ZvZJsL3rjoDAzXZhkm2MWt1y+PUdggKAYVoMAIYcs78wJ51Cw==}
    engines: {node: '>=20'}

  whatwg-url@16.0.1:
    resolution: {integrity: sha512-1to4zXBxmXHV3IiSSEInrreIlu02vUOvrhxJJH5vcxYTBDAx51cqZiKdyTxlecdKNSjj8EcxGBxNf6Vg+945gw==}
    engines: {node: ^20.19.0 || ^22.12.0 || >=24.0.0}

  whatwg-url@17.1.0:
    resolution: {integrity: sha512-3GeworPmc2ZfEEHP7lEbUfBX/L75wdEsi0rLNhXcXxnoN5jyq0SL5gCy06SGW2cyTIZdTvWIDQNQoza++vKeaw==}
    engines: {node: ^22.14.0 || >=24.0.0}

  xml-name-validator@5.0.0:
    resolution: {integrity: sha512-EvGK8EJ3DhaHfbRlETOWAS5pO9MZITeauHKJyb8wyajUfQUenkIg2MvLDTZ4T/TgIcm3HU0TFBgWWboAZ30UHg==}
    engines: {node: '>=18'}

  xmlchars@2.2.0:
    resolution: {integrity: sha512-JZnDKK8B0RCDw84FNdDAIpZK+JuJw+s7Lz8nksI7SIuU3UXJJslUthsi+uWBUYOwPFwW7W7PRLRfUKpxjtjFCw==}

snapshots:

  '@asamuzakjp/css-color@6.0.7':
    dependencies:
      '@csstools/css-calc': 3.3.0(@csstools/css-parser-algorithms@4.0.0(@csstools/css-tokenizer@4.0.0))(@csstools/css-tokenizer@4.0.0)
      '@csstools/css-color-parser': 4.1.10(@csstools/css-parser-algorithms@4.0.0(@csstools/css-tokenizer@4.0.0))(@csstools/css-tokenizer@4.0.0)
      '@csstools/css-parser-algorithms': 4.0.0(@csstools/css-tokenizer@4.0.0)
      '@csstools/css-tokenizer': 4.0.0
      lru-cache: 11.5.2

  '@asamuzakjp/dom-selector@8.3.2':
    dependencies:
      bidi-js: 1.0.3
      css-tree: 3.2.1
      is-potential-custom-element-name: 1.0.1
      lru-cache: 11.5.2

  '@bramus/specificity@2.4.2':
    dependencies:
      css-tree: 3.2.1

  '@csstools/color-helpers@6.1.0': {}

  '@csstools/css-calc@3.3.0(@csstools/css-parser-algorithms@4.0.0(@csstools/css-tokenizer@4.0.0))(@csstools/css-tokenizer@4.0.0)':
    dependencies:
      '@csstools/css-parser-algorithms': 4.0.0(@csstools/css-tokenizer@4.0.0)
      '@csstools/css-tokenizer': 4.0.0

  '@csstools/css-color-parser@4.1.10(@csstools/css-parser-algorithms@4.0.0(@csstools/css-tokenizer@4.0.0))(@csstools/css-tokenizer@4.0.0)':
    dependencies:
      '@csstools/color-helpers': 6.1.0
      '@csstools/css-calc': 3.3.0(@csstools/css-parser-algorithms@4.0.0(@csstools/css-tokenizer@4.0.0))(@csstools/css-tokenizer@4.0.0)
      '@csstools/css-parser-algorithms': 4.0.0(@csstools/css-tokenizer@4.0.0)
      '@csstools/css-tokenizer': 4.0.0

  '@csstools/css-parser-algorithms@4.0.0(@csstools/css-tokenizer@4.0.0)':
    dependencies:
      '@csstools/css-tokenizer': 4.0.0

  '@csstools/css-syntax-patches-for-csstree@1.1.7(css-tree@3.2.1)':
    optionalDependencies:
      css-tree: 3.2.1

  '@csstools/css-tokenizer@4.0.0': {}

  '@deepseek-ai/cordis@4.0.1':
    dependencies:
      '@deepseek-ai/cosmokit': 1.8.2
      '@standard-schema/spec': 1.1.0

  '@deepseek-ai/cosmokit@1.8.2': {}

  '@deepseek-ai/dsh-agent@0.1.0-rc.6(ztsqhou56uttaxm3iogf36zcqy)':
    dependencies:
      '@deepseek-ai/cordis': 4.0.1
      '@deepseek-ai/dsh-invariants': 0.1.0-rc.6(@deepseek-ai/cordis@4.0.1)
      '@deepseek-ai/dsh-llm': 0.1.0-rc.6(@deepseek-ai/cordis@4.0.1)(@deepseek-ai/dsh-attachment@0.1.0-rc.6(@deepseek-ai/cordis@4.0.1)(@deepseek-ai/dsh-brand@0.1.0-rc.6(@deepseek-ai/cordis@4.0.1)(@deepseek-ai/dsh-invariants@0.1.0-rc.6(@deepseek-ai/cordis@4.0.1)))(@deepseek-ai/dsh-invariants@0.1.0-rc.6(@deepseek-ai/cordis@4.0.1)))(@deepseek-ai/dsh-brand@0.1.0-rc.6(@deepseek-ai/cordis@4.0.1)(@deepseek-ai/dsh-invariants@0.1.0-rc.6(@deepseek-ai/cordis@4.0.1)))(@deepseek-ai/dsh-invariants@0.1.0-rc.6(@deepseek-ai/cordis@4.0.1))(@deepseek-ai/dsh-timeout@0.1.0-rc.6(@deepseek-ai/cordis@4.0.1)(@deepseek-ai/dsh-invariants@0.1.0-rc.6(@deepseek-ai/cordis@4.0.1)))
      '@deepseek-ai/dsh-scope': 0.1.0-rc.6(@deepseek-ai/cordis@4.0.1)(@deepseek-ai/dsh-invariants@0.1.0-rc.6(@deepseek-ai/cordis@4.0.1))
      '@deepseek-ai/dsh-session': 0.1.0-rc.6(d7gccyf6bsc5n3avojaaw5u2pm)
      '@deepseek-ai/dsh-system-prompt': 0.1.0-rc.6(@deepseek-ai/cordis@4.0.1)(@deepseek-ai/dsh-invariants@0.1.0-rc.6(@deepseek-ai/cordis@4.0.1))(@deepseek-ai/dsh-llm@0.1.0-rc.6(@deepseek-ai/cordis@4.0.1)(@deepseek-ai/dsh-attachment@0.1.0-rc.6(@deepseek-ai/cordis@4.0.1)(@deepseek-ai/dsh-brand@0.1.0-rc.6(@deepseek-ai/cordis@4.0.1)(@deepseek-ai/dsh-invariants@0.1.0-rc.6(@deepseek-ai/cordis@4.0.1)))(@deepseek-ai/dsh-invariants@0.1.0-rc.6(@deepseek-ai/cordis@4.0.1)))(@deepseek-ai/dsh-brand@0.1.0-rc.6(@deepseek-ai/cordis@4.0.1)(@deepseek-ai/dsh-invariants@0.1.0-rc.6(@deepseek-ai/cordis@4.0.1)))(@deepseek-ai/dsh-invariants@0.1.0-rc.6(@deepseek-ai/cordis@4.0.1))(@deepseek-ai/dsh-timeout@0.1.0-rc.6(@deepseek-ai/cordis@4.0.1)(@deepseek-ai/dsh-invariants@0.1.0-rc.6(@deepseek-ai/cordis@4.0.1))))(@deepseek-ai/dsh-scope@0.1.0-rc.6(@deepseek-ai/cordis@4.0.1)(@deepseek-ai/dsh-invariants@0.1.0-rc.6(@deepseek-ai/cordis@4.0.1)))
      '@deepseek-ai/dsh-typert-protocol': 0.1.0-rc.6(@deepseek-ai/cordis@4.0.1)(@deepseek-ai/dsh-invariants@0.1.0-rc.6(@deepseek-ai/cordis@4.0.1))

  '@deepseek-ai/dsh-attachment@0.1.0-rc.6(@deepseek-ai/cordis@4.0.1)(@deepseek-ai/dsh-brand@0.1.0-rc.6(@deepseek-ai/cordis@4.0.1)(@deepseek-ai/dsh-invariants@0.1.0-rc.6(@deepseek-ai/cordis@4.0.1)))(@deepseek-ai/dsh-invariants@0.1.0-rc.6(@deepseek-ai/cordis@4.0.1))':
    dependencies:
      '@deepseek-ai/cordis': 4.0.1
      '@deepseek-ai/dsh-brand': 0.1.0-rc.6(@deepseek-ai/cordis@4.0.1)(@deepseek-ai/dsh-invariants@0.1.0-rc.6(@deepseek-ai/cordis@4.0.1))
      '@deepseek-ai/dsh-invariants': 0.1.0-rc.6(@deepseek-ai/cordis@4.0.1)

  '@deepseek-ai/dsh-brand@0.1.0-rc.6(@deepseek-ai/cordis@4.0.1)(@deepseek-ai/dsh-invariants@0.1.0-rc.6(@deepseek-ai/cordis@4.0.1))':
    dependencies:
      '@deepseek-ai/cordis': 4.0.1
      '@deepseek-ai/dsh-invariants': 0.1.0-rc.6(@deepseek-ai/cordis@4.0.1)

  '@deepseek-ai/dsh-code-runtime@0.1.0-rc.6(@deepseek-ai/cordis@4.0.1)(@deepseek-ai/dsh-invariants@0.1.0-rc.6(@deepseek-ai/cordis@4.0.1))':
    dependencies:
      '@deepseek-ai/cordis': 4.0.1
      '@deepseek-ai/dsh-invariants': 0.1.0-rc.6(@deepseek-ai/cordis@4.0.1)

  '@deepseek-ai/dsh-credentials@0.1.0-rc.6(@deepseek-ai/cordis@4.0.1)(@deepseek-ai/dsh-brand@0.1.0-rc.6(@deepseek-ai/cordis@4.0.1)(@deepseek-ai/dsh-invariants@0.1.0-rc.6(@deepseek-ai/cordis@4.0.1)))(@deepseek-ai/dsh-invariants@0.1.0-rc.6(@deepseek-ai/cordis@4.0.1))':
    dependencies:
      '@deepseek-ai/cordis': 4.0.1
      '@deepseek-ai/dsh-brand': 0.1.0-rc.6(@deepseek-ai/cordis@4.0.1)(@deepseek-ai/dsh-invariants@0.1.0-rc.6(@deepseek-ai/cordis@4.0.1))
      '@deepseek-ai/dsh-invariants': 0.1.0-rc.6(@deepseek-ai/cordis@4.0.1)

  '@deepseek-ai/dsh-invariants@0.1.0-rc.6(@deepseek-ai/cordis@4.0.1)':
    dependencies:
      '@deepseek-ai/cordis': 4.0.1
      '@deepseek-ai/schemastery': 3.18.1

  '@deepseek-ai/dsh-llm@0.1.0-rc.6(@deepseek-ai/cordis@4.0.1)(@deepseek-ai/dsh-attachment@0.1.0-rc.6(@deepseek-ai/cordis@4.0.1)(@deepseek-ai/dsh-brand@0.1.0-rc.6(@deepseek-ai/cordis@4.0.1)(@deepseek-ai/dsh-invariants@0.1.0-rc.6(@deepseek-ai/cordis@4.0.1)))(@deepseek-ai/dsh-invariants@0.1.0-rc.6(@deepseek-ai/cordis@4.0.1)))(@deepseek-ai/dsh-brand@0.1.0-rc.6(@deepseek-ai/cordis@4.0.1)(@deepseek-ai/dsh-invariants@0.1.0-rc.6(@deepseek-ai/cordis@4.0.1)))(@deepseek-ai/dsh-invariants@0.1.0-rc.6(@deepseek-ai/cordis@4.0.1))(@deepseek-ai/dsh-timeout@0.1.0-rc.6(@deepseek-ai/cordis@4.0.1)(@deepseek-ai/dsh-invariants@0.1.0-rc.6(@deepseek-ai/cordis@4.0.1)))':
    dependencies:
      '@deepseek-ai/cordis': 4.0.1
      '@deepseek-ai/dsh-attachment': 0.1.0-rc.6(@deepseek-ai/cordis@4.0.1)(@deepseek-ai/dsh-brand@0.1.0-rc.6(@deepseek-ai/cordis@4.0.1)(@deepseek-ai/dsh-invariants@0.1.0-rc.6(@deepseek-ai/cordis@4.0.1)))(@deepseek-ai/dsh-invariants@0.1.0-rc.6(@deepseek-ai/cordis@4.0.1))
      '@deepseek-ai/dsh-brand': 0.1.0-rc.6(@deepseek-ai/cordis@4.0.1)(@deepseek-ai/dsh-invariants@0.1.0-rc.6(@deepseek-ai/cordis@4.0.1))
      '@deepseek-ai/dsh-invariants': 0.1.0-rc.6(@deepseek-ai/cordis@4.0.1)
      '@deepseek-ai/dsh-timeout': 0.1.0-rc.6(@deepseek-ai/cordis@4.0.1)(@deepseek-ai/dsh-invariants@0.1.0-rc.6(@deepseek-ai/cordis@4.0.1))
      '@deepseek-ai/schemastery': 3.18.1

  '@deepseek-ai/dsh-scope@0.1.0-rc.6(@deepseek-ai/cordis@4.0.1)(@deepseek-ai/dsh-invariants@0.1.0-rc.6(@deepseek-ai/cordis@4.0.1))':
    dependencies:
      '@deepseek-ai/cordis': 4.0.1
      '@deepseek-ai/dsh-invariants': 0.1.0-rc.6(@deepseek-ai/cordis@4.0.1)

  '@deepseek-ai/dsh-session@0.1.0-rc.6(d7gccyf6bsc5n3avojaaw5u2pm)':
    dependencies:
      '@deepseek-ai/cordis': 4.0.1
      '@deepseek-ai/dsh-brand': 0.1.0-rc.6(@deepseek-ai/cordis@4.0.1)(@deepseek-ai/dsh-invariants@0.1.0-rc.6(@deepseek-ai/cordis@4.0.1))
      '@deepseek-ai/dsh-invariants': 0.1.0-rc.6(@deepseek-ai/cordis@4.0.1)
      '@deepseek-ai/dsh-llm': 0.1.0-rc.6(@deepseek-ai/cordis@4.0.1)(@deepseek-ai/dsh-attachment@0.1.0-rc.6(@deepseek-ai/cordis@4.0.1)(@deepseek-ai/dsh-brand@0.1.0-rc.6(@deepseek-ai/cordis@4.0.1)(@deepseek-ai/dsh-invariants@0.1.0-rc.6(@deepseek-ai/cordis@4.0.1)))(@deepseek-ai/dsh-invariants@0.1.0-rc.6(@deepseek-ai/cordis@4.0.1)))(@deepseek-ai/dsh-brand@0.1.0-rc.6(@deepseek-ai/cordis@4.0.1)(@deepseek-ai/dsh-invariants@0.1.0-rc.6(@deepseek-ai/cordis@4.0.1)))(@deepseek-ai/dsh-invariants@0.1.0-rc.6(@deepseek-ai/cordis@4.0.1))(@deepseek-ai/dsh-timeout@0.1.0-rc.6(@deepseek-ai/cordis@4.0.1)(@deepseek-ai/dsh-invariants@0.1.0-rc.6(@deepseek-ai/cordis@4.0.1)))
      '@deepseek-ai/dsh-scope': 0.1.0-rc.6(@deepseek-ai/cordis@4.0.1)(@deepseek-ai/dsh-invariants@0.1.0-rc.6(@deepseek-ai/cordis@4.0.1))
      '@deepseek-ai/dsh-typert-protocol': 0.1.0-rc.6(@deepseek-ai/cordis@4.0.1)(@deepseek-ai/dsh-invariants@0.1.0-rc.6(@deepseek-ai/cordis@4.0.1))

  '@deepseek-ai/dsh-settings@0.1.0-rc.6(@deepseek-ai/cordis@4.0.1)(@deepseek-ai/dsh-brand@0.1.0-rc.6(@deepseek-ai/cordis@4.0.1)(@deepseek-ai/dsh-invariants@0.1.0-rc.6(@deepseek-ai/cordis@4.0.1)))(@deepseek-ai/dsh-invariants@0.1.0-rc.6(@deepseek-ai/cordis@4.0.1))(@deepseek-ai/schemastery@3.18.1)':
    dependencies:
      '@deepseek-ai/cordis': 4.0.1
      '@deepseek-ai/dsh-brand': 0.1.0-rc.6(@deepseek-ai/cordis@4.0.1)(@deepseek-ai/dsh-invariants@0.1.0-rc.6(@deepseek-ai/cordis@4.0.1))
      '@deepseek-ai/dsh-invariants': 0.1.0-rc.6(@deepseek-ai/cordis@4.0.1)
      '@deepseek-ai/schemastery': 3.18.1

  '@deepseek-ai/dsh-system-prompt@0.1.0-rc.6(@deepseek-ai/cordis@4.0.1)(@deepseek-ai/dsh-invariants@0.1.0-rc.6(@deepseek-ai/cordis@4.0.1))(@deepseek-ai/dsh-llm@0.1.0-rc.6(@deepseek-ai/cordis@4.0.1)(@deepseek-ai/dsh-attachment@0.1.0-rc.6(@deepseek-ai/cordis@4.0.1)(@deepseek-ai/dsh-brand@0.1.0-rc.6(@deepseek-ai/cordis@4.0.1)(@deepseek-ai/dsh-invariants@0.1.0-rc.6(@deepseek-ai/cordis@4.0.1)))(@deepseek-ai/dsh-invariants@0.1.0-rc.6(@deepseek-ai/cordis@4.0.1)))(@deepseek-ai/dsh-brand@0.1.0-rc.6(@deepseek-ai/cordis@4.0.1)(@deepseek-ai/dsh-invariants@0.1.0-rc.6(@deepseek-ai/cordis@4.0.1)))(@deepseek-ai/dsh-invariants@0.1.0-rc.6(@deepseek-ai/cordis@4.0.1))(@deepseek-ai/dsh-timeout@0.1.0-rc.6(@deepseek-ai/cordis@4.0.1)(@deepseek-ai/dsh-invariants@0.1.0-rc.6(@deepseek-ai/cordis@4.0.1))))(@deepseek-ai/dsh-scope@0.1.0-rc.6(@deepseek-ai/cordis@4.0.1)(@deepseek-ai/dsh-invariants@0.1.0-rc.6(@deepseek-ai/cordis@4.0.1)))':
    dependencies:
      '@deepseek-ai/cordis': 4.0.1
      '@deepseek-ai/dsh-invariants': 0.1.0-rc.6(@deepseek-ai/cordis@4.0.1)
      '@deepseek-ai/dsh-llm': 0.1.0-rc.6(@deepseek-ai/cordis@4.0.1)(@deepseek-ai/dsh-attachment@0.1.0-rc.6(@deepseek-ai/cordis@4.0.1)(@deepseek-ai/dsh-brand@0.1.0-rc.6(@deepseek-ai/cordis@4.0.1)(@deepseek-ai/dsh-invariants@0.1.0-rc.6(@deepseek-ai/cordis@4.0.1)))(@deepseek-ai/dsh-invariants@0.1.0-rc.6(@deepseek-ai/cordis@4.0.1)))(@deepseek-ai/dsh-brand@0.1.0-rc.6(@deepseek-ai/cordis@4.0.1)(@deepseek-ai/dsh-invariants@0.1.0-rc.6(@deepseek-ai/cordis@4.0.1)))(@deepseek-ai/dsh-invariants@0.1.0-rc.6(@deepseek-ai/cordis@4.0.1))(@deepseek-ai/dsh-timeout@0.1.0-rc.6(@deepseek-ai/cordis@4.0.1)(@deepseek-ai/dsh-invariants@0.1.0-rc.6(@deepseek-ai/cordis@4.0.1)))
      '@deepseek-ai/dsh-scope': 0.1.0-rc.6(@deepseek-ai/cordis@4.0.1)(@deepseek-ai/dsh-invariants@0.1.0-rc.6(@deepseek-ai/cordis@4.0.1))
      '@deepseek-ai/schemastery': 3.18.1

  '@deepseek-ai/dsh-timeout@0.1.0-rc.6(@deepseek-ai/cordis@4.0.1)(@deepseek-ai/dsh-invariants@0.1.0-rc.6(@deepseek-ai/cordis@4.0.1))':
    dependencies:
      '@deepseek-ai/cordis': 4.0.1
      '@deepseek-ai/dsh-invariants': 0.1.0-rc.6(@deepseek-ai/cordis@4.0.1)

  '@deepseek-ai/dsh-tools@0.1.0-rc.6(b6nzleejznykjypjubilix76n4)':
    dependencies:
      '@deepseek-ai/cordis': 4.0.1
      '@deepseek-ai/dsh-agent': 0.1.0-rc.6(ztsqhou56uttaxm3iogf36zcqy)
      '@deepseek-ai/dsh-code-runtime': 0.1.0-rc.6(@deepseek-ai/cordis@4.0.1)(@deepseek-ai/dsh-invariants@0.1.0-rc.6(@deepseek-ai/cordis@4.0.1))
      '@deepseek-ai/dsh-invariants': 0.1.0-rc.6(@deepseek-ai/cordis@4.0.1)
      '@deepseek-ai/dsh-llm': 0.1.0-rc.6(@deepseek-ai/cordis@4.0.1)(@deepseek-ai/dsh-attachment@0.1.0-rc.6(@deepseek-ai/cordis@4.0.1)(@deepseek-ai/dsh-brand@0.1.0-rc.6(@deepseek-ai/cordis@4.0.1)(@deepseek-ai/dsh-invariants@0.1.0-rc.6(@deepseek-ai/cordis@4.0.1)))(@deepseek-ai/dsh-invariants@0.1.0-rc.6(@deepseek-ai/cordis@4.0.1)))(@deepseek-ai/dsh-brand@0.1.0-rc.6(@deepseek-ai/cordis@4.0.1)(@deepseek-ai/dsh-invariants@0.1.0-rc.6(@deepseek-ai/cordis@4.0.1)))(@deepseek-ai/dsh-invariants@0.1.0-rc.6(@deepseek-ai/cordis@4.0.1))(@deepseek-ai/dsh-timeout@0.1.0-rc.6(@deepseek-ai/cordis@4.0.1)(@deepseek-ai/dsh-invariants@0.1.0-rc.6(@deepseek-ai/cordis@4.0.1)))
      '@deepseek-ai/dsh-scope': 0.1.0-rc.6(@deepseek-ai/cordis@4.0.1)(@deepseek-ai/dsh-invariants@0.1.0-rc.6(@deepseek-ai/cordis@4.0.1))
      '@deepseek-ai/dsh-session': 0.1.0-rc.6(d7gccyf6bsc5n3avojaaw5u2pm)
      '@deepseek-ai/dsh-system-prompt': 0.1.0-rc.6(@deepseek-ai/cordis@4.0.1)(@deepseek-ai/dsh-invariants@0.1.0-rc.6(@deepseek-ai/cordis@4.0.1))(@deepseek-ai/dsh-llm@0.1.0-rc.6(@deepseek-ai/cordis@4.0.1)(@deepseek-ai/dsh-attachment@0.1.0-rc.6(@deepseek-ai/cordis@4.0.1)(@deepseek-ai/dsh-brand@0.1.0-rc.6(@deepseek-ai/cordis@4.0.1)(@deepseek-ai/dsh-invariants@0.1.0-rc.6(@deepseek-ai/cordis@4.0.1)))(@deepseek-ai/dsh-invariants@0.1.0-rc.6(@deepseek-ai/cordis@4.0.1)))(@deepseek-ai/dsh-brand@0.1.0-rc.6(@deepseek-ai/cordis@4.0.1)(@deepseek-ai/dsh-invariants@0.1.0-rc.6(@deepseek-ai/cordis@4.0.1)))(@deepseek-ai/dsh-invariants@0.1.0-rc.6(@deepseek-ai/cordis@4.0.1))(@deepseek-ai/dsh-timeout@0.1.0-rc.6(@deepseek-ai/cordis@4.0.1)(@deepseek-ai/dsh-invariants@0.1.0-rc.6(@deepseek-ai/cordis@4.0.1))))(@deepseek-ai/dsh-scope@0.1.0-rc.6(@deepseek-ai/cordis@4.0.1)(@deepseek-ai/dsh-invariants@0.1.0-rc.6(@deepseek-ai/cordis@4.0.1)))
      '@deepseek-ai/dsh-user-approval': 0.1.0-rc.6(fmhyvvi3fztigfjnytvnfcl5iu)
      '@deepseek-ai/schemastery': 3.18.1

  '@deepseek-ai/dsh-typert-protocol@0.1.0-rc.6(@deepseek-ai/cordis@4.0.1)(@deepseek-ai/dsh-invariants@0.1.0-rc.6(@deepseek-ai/cordis@4.0.1))':
    dependencies:
      '@deepseek-ai/cordis': 4.0.1
      '@deepseek-ai/dsh-invariants': 0.1.0-rc.6(@deepseek-ai/cordis@4.0.1)

  '@deepseek-ai/dsh-user-approval@0.1.0-rc.6(fmhyvvi3fztigfjnytvnfcl5iu)':
    dependencies:
      '@deepseek-ai/cordis': 4.0.1
      '@deepseek-ai/dsh-agent': 0.1.0-rc.6(ztsqhou56uttaxm3iogf36zcqy)
      '@deepseek-ai/dsh-brand': 0.1.0-rc.6(@deepseek-ai/cordis@4.0.1)(@deepseek-ai/dsh-invariants@0.1.0-rc.6(@deepseek-ai/cordis@4.0.1))
      '@deepseek-ai/dsh-invariants': 0.1.0-rc.6(@deepseek-ai/cordis@4.0.1)
      '@deepseek-ai/dsh-llm': 0.1.0-rc.6(@deepseek-ai/cordis@4.0.1)(@deepseek-ai/dsh-attachment@0.1.0-rc.6(@deepseek-ai/cordis@4.0.1)(@deepseek-ai/dsh-brand@0.1.0-rc.6(@deepseek-ai/cordis@4.0.1)(@deepseek-ai/dsh-invariants@0.1.0-rc.6(@deepseek-ai/cordis@4.0.1)))(@deepseek-ai/dsh-invariants@0.1.0-rc.6(@deepseek-ai/cordis@4.0.1)))(@deepseek-ai/dsh-brand@0.1.0-rc.6(@deepseek-ai/cordis@4.0.1)(@deepseek-ai/dsh-invariants@0.1.0-rc.6(@deepseek-ai/cordis@4.0.1)))(@deepseek-ai/dsh-invariants@0.1.0-rc.6(@deepseek-ai/cordis@4.0.1))(@deepseek-ai/dsh-timeout@0.1.0-rc.6(@deepseek-ai/cordis@4.0.1)(@deepseek-ai/dsh-invariants@0.1.0-rc.6(@deepseek-ai/cordis@4.0.1)))
      '@deepseek-ai/dsh-scope': 0.1.0-rc.6(@deepseek-ai/cordis@4.0.1)(@deepseek-ai/dsh-invariants@0.1.0-rc.6(@deepseek-ai/cordis@4.0.1))
      '@deepseek-ai/dsh-session': 0.1.0-rc.6(d7gccyf6bsc5n3avojaaw5u2pm)
      '@deepseek-ai/dsh-system-prompt': 0.1.0-rc.6(@deepseek-ai/cordis@4.0.1)(@deepseek-ai/dsh-invariants@0.1.0-rc.6(@deepseek-ai/cordis@4.0.1))(@deepseek-ai/dsh-llm@0.1.0-rc.6(@deepseek-ai/cordis@4.0.1)(@deepseek-ai/dsh-attachment@0.1.0-rc.6(@deepseek-ai/cordis@4.0.1)(@deepseek-ai/dsh-brand@0.1.0-rc.6(@deepseek-ai/cordis@4.0.1)(@deepseek-ai/dsh-invariants@0.1.0-rc.6(@deepseek-ai/cordis@4.0.1)))(@deepseek-ai/dsh-invariants@0.1.0-rc.6(@deepseek-ai/cordis@4.0.1)))(@deepseek-ai/dsh-brand@0.1.0-rc.6(@deepseek-ai/cordis@4.0.1)(@deepseek-ai/dsh-invariants@0.1.0-rc.6(@deepseek-ai/cordis@4.0.1)))(@deepseek-ai/dsh-invariants@0.1.0-rc.6(@deepseek-ai/cordis@4.0.1))(@deepseek-ai/dsh-timeout@0.1.0-rc.6(@deepseek-ai/cordis@4.0.1)(@deepseek-ai/dsh-invariants@0.1.0-rc.6(@deepseek-ai/cordis@4.0.1))))(@deepseek-ai/dsh-scope@0.1.0-rc.6(@deepseek-ai/cordis@4.0.1)(@deepseek-ai/dsh-invariants@0.1.0-rc.6(@deepseek-ai/cordis@4.0.1)))
      '@deepseek-ai/schemastery': 3.18.1

  '@deepseek-ai/dsh-web@0.1.0-rc.6(@deepseek-ai/cordis@4.0.1)(@deepseek-ai/dsh-invariants@0.1.0-rc.6(@deepseek-ai/cordis@4.0.1))(@deepseek-ai/dsh-llm@0.1.0-rc.6(@deepseek-ai/cordis@4.0.1)(@deepseek-ai/dsh-attachment@0.1.0-rc.6(@deepseek-ai/cordis@4.0.1)(@deepseek-ai/dsh-brand@0.1.0-rc.6(@deepseek-ai/cordis@4.0.1)(@deepseek-ai/dsh-invariants@0.1.0-rc.6(@deepseek-ai/cordis@4.0.1)))(@deepseek-ai/dsh-invariants@0.1.0-rc.6(@deepseek-ai/cordis@4.0.1)))(@deepseek-ai/dsh-brand@0.1.0-rc.6(@deepseek-ai/cordis@4.0.1)(@deepseek-ai/dsh-invariants@0.1.0-rc.6(@deepseek-ai/cordis@4.0.1)))(@deepseek-ai/dsh-invariants@0.1.0-rc.6(@deepseek-ai/cordis@4.0.1))(@deepseek-ai/dsh-timeout@0.1.0-rc.6(@deepseek-ai/cordis@4.0.1)(@deepseek-ai/dsh-invariants@0.1.0-rc.6(@deepseek-ai/cordis@4.0.1))))':
    dependencies:
      '@deepseek-ai/cordis': 4.0.1
      '@deepseek-ai/dsh-invariants': 0.1.0-rc.6(@deepseek-ai/cordis@4.0.1)
      '@deepseek-ai/dsh-llm': 0.1.0-rc.6(@deepseek-ai/cordis@4.0.1)(@deepseek-ai/dsh-attachment@0.1.0-rc.6(@deepseek-ai/cordis@4.0.1)(@deepseek-ai/dsh-brand@0.1.0-rc.6(@deepseek-ai/cordis@4.0.1)(@deepseek-ai/dsh-invariants@0.1.0-rc.6(@deepseek-ai/cordis@4.0.1)))(@deepseek-ai/dsh-invariants@0.1.0-rc.6(@deepseek-ai/cordis@4.0.1)))(@deepseek-ai/dsh-brand@0.1.0-rc.6(@deepseek-ai/cordis@4.0.1)(@deepseek-ai/dsh-invariants@0.1.0-rc.6(@deepseek-ai/cordis@4.0.1)))(@deepseek-ai/dsh-invariants@0.1.0-rc.6(@deepseek-ai/cordis@4.0.1))(@deepseek-ai/dsh-timeout@0.1.0-rc.6(@deepseek-ai/cordis@4.0.1)(@deepseek-ai/dsh-invariants@0.1.0-rc.6(@deepseek-ai/cordis@4.0.1)))
      '@deepseek-ai/schemastery': 3.18.1

  '@deepseek-ai/schemastery@3.18.1':
    dependencies:
      '@deepseek-ai/cosmokit': 1.8.2
      '@standard-schema/spec': 1.1.0

  '@exodus/bytes@1.15.1': {}

  '@standard-schema/spec@1.1.0': {}

  '@types/js-yaml@4.0.9': {}

  '@types/node@22.20.1':
    dependencies:
      undici-types: 6.21.0

  argparse@2.0.1: {}

  bidi-js@1.0.3:
    dependencies:
      require-from-string: 2.0.2

  css-tree@3.2.1:
    dependencies:
      mdn-data: 2.27.1
      source-map-js: 1.2.1

  data-urls@7.0.0:
    dependencies:
      whatwg-mimetype: 5.0.0
      whatwg-url: 16.0.1
    transitivePeerDependencies:
      - '@noble/hashes'

  decimal.js@10.6.0: {}

  dsh-browser@0.1.0(@deepseek-ai/cordis@4.0.1):
    dependencies:
      '@deepseek-ai/cordis': 4.0.1
      playwright-core: 1.62.1

  entities@8.0.0: {}

  html-encoding-sniffer@6.0.0:
    dependencies:
      '@exodus/bytes': 1.15.1
    transitivePeerDependencies:
      - '@noble/hashes'

  is-potential-custom-element-name@1.0.1: {}

  js-yaml@4.3.1:
    dependencies:
      argparse: 2.0.1

  jsdom@30.0.1:
    dependencies:
      '@asamuzakjp/css-color': 6.0.7
      '@asamuzakjp/dom-selector': 8.3.2
      '@bramus/specificity': 2.4.2
      '@csstools/css-syntax-patches-for-csstree': 1.1.7(css-tree@3.2.1)
      '@exodus/bytes': 1.15.1
      css-tree: 3.2.1
      data-urls: 7.0.0
      decimal.js: 10.6.0
      html-encoding-sniffer: 6.0.0
      is-potential-custom-element-name: 1.0.1
      lru-cache: 11.5.2
      parse5: 8.0.1
      saxes: 6.0.0
      symbol-tree: 3.2.4
      tough-cookie: 6.0.2
      undici: 8.10.0
      w3c-xmlserializer: 5.0.0
      webidl-conversions: 8.0.1
      whatwg-mimetype: 5.0.0
      whatwg-url: 17.1.0
      xml-name-validator: 5.0.0
    transitivePeerDependencies:
      - '@noble/hashes'

  lru-cache@11.5.2: {}

  mdn-data@2.27.1: {}

  parse5@8.0.1:
    dependencies:
      entities: 8.0.0

  playwright-core@1.62.1: {}

  punycode@2.3.1: {}

  require-from-string@2.0.2: {}

  saxes@6.0.0:
    dependencies:
      xmlchars: 2.2.0

  source-map-js@1.2.1: {}

  symbol-tree@3.2.4: {}

  tldts-core@7.4.10: {}

  tldts@7.4.10:
    dependencies:
      tldts-core: 7.4.10

  tough-cookie@6.0.2:
    dependencies:
      tldts: 7.4.10

  tr46@6.0.0:
    dependencies:
      punycode: 2.3.1

  typescript@5.9.3: {}

  undici-types@6.21.0: {}

  undici@8.10.0: {}

  w3c-xmlserializer@5.0.0:
    dependencies:
      xml-name-validator: 5.0.0

  webidl-conversions@8.0.1: {}

  whatwg-mimetype@5.0.0: {}

  whatwg-url@16.0.1:
    dependencies:
      '@exodus/bytes': 1.15.1
      tr46: 6.0.0
      webidl-conversions: 8.0.1
    transitivePeerDependencies:
      - '@noble/hashes'

  whatwg-url@17.1.0:
    dependencies:
      '@exodus/bytes': 1.15.1
      tr46: 6.0.0
      webidl-conversions: 8.0.1
    transitivePeerDependencies:
      - '@noble/hashes'

  xml-name-validator@5.0.0: {}

  xmlchars@2.2.0: {}
